# @generated - this file is auto-generated by `mise lock` https://mise.jdx.dev/dev-tools/mise-lock.html

lockfile_version = 1

[[tools."aqua:BurntSushi/ripgrep"]]
version = "15.2.0"
backend = "aqua:BurntSushi/ripgrep"
specifiers = ["15.2.0"]

[tools."aqua:BurntSushi/ripgrep"."platforms.linux-arm64"]
checksum = "sha256:a740b91c82eaf9914cfedd353572f2791cbe0162c84101ee0951058f4dcbc90d"
url = "https://github.com/BurntSushi/ripgrep/releases/download/15.2.0/ripgrep-15.2.0-aarch64-unknown-linux-gnu.tar.gz"
url_api = "https://api.github.com/repos/BurntSushi/ripgrep/releases/assets/478119579"

[tools."aqua:BurntSushi/ripgrep"."platforms.linux-arm64-musl"]
checksum = "sha256:800b1e7206afe799dfb5a6901f23147cfaabe0e52210538100f61e86e1740915"
url = "https://github.com/BurntSushi/ripgrep/releases/download/15.2.0/ripgrep-15.2.0-aarch64-unknown-linux-musl.tar.gz"
url_api = "https://api.github.com/repos/BurntSushi/ripgrep/releases/assets/478120060"

[tools."aqua:BurntSushi/ripgrep"."platforms.linux-x64"]
checksum = "sha256:33e15bcf1624b25cdd2a55813a47a2f95dbe126268203e76aa6a585d1e7b149c"
url = "https://github.com/BurntSushi/ripgrep/releases/download/15.2.0/ripgrep-15.2.0-x86_64-unknown-linux-musl.tar.gz"
url_api = "https://api.github.com/repos/BurntSushi/ripgrep/releases/assets/478120097"

[tools."aqua:BurntSushi/ripgrep"."platforms.linux-x64-musl"]
checksum = "sha256:33e15bcf1624b25cdd2a55813a47a2f95dbe126268203e76aa6a585d1e7b149c"
url = "https://github.com/BurntSushi/ripgrep/releases/download/15.2.0/ripgrep-15.2.0-x86_64-unknown-linux-musl.tar.gz"
url_api = "https://api.github.com/repos/BurntSushi/ripgrep/releases/assets/478120097"

[tools."aqua:BurntSushi/ripgrep"."platforms.macos-arm64"]
checksum = "sha256:3750b2e93f37e0c692657da574d7019a101c0084da05a790c83fd335bad973e4"
url = "https://github.com/BurntSushi/ripgrep/releases/download/15.2.0/ripgrep-15.2.0-aarch64-apple-darwin.tar.gz"
url_api = "https://api.github.com/repos/BurntSushi/ripgrep/releases/assets/478118851"

[tools."aqua:BurntSushi/ripgrep"."platforms.macos-x64"]
checksum = "sha256:af7825fcc69a2afc7a7aea55fc9af90e26421d8f20fe59df32e233c0b8a231c1"
url = "https://github.com/BurntSushi/ripgrep/releases/download/15.2.0/ripgrep-15.2.0-x86_64-apple-darwin.tar.gz"
url_api = "https://api.github.com/repos/BurntSushi/ripgrep/releases/assets/478119585"

[tools."aqua:BurntSushi/ripgrep"."platforms.windows-x64"]
checksum = "sha256:71b2fef860abe467217a538ff31de02f5258807c0129f771846f87bd029aafc5"
url = "https://github.com/BurntSushi/ripgrep/releases/download/15.2.0/ripgrep-15.2.0-x86_64-pc-windows-msvc.zip"
url_api = "https://api.github.com/repos/BurntSushi/ripgrep/releases/assets/478119643"

[[tools."aqua:cocogitto/cocogitto"]]
version = "7.0.0"
backend = "aqua:cocogitto/cocogitto"
specifiers = ["7.0.0"]

[tools."aqua:cocogitto/cocogitto"."platforms.linux-arm64"]
checksum = "sha256:379949f50c4f8245ef9532913e83f351c048b55e40ebd52ed8a850642c07a753"
url = "https://github.com/cocogitto/cocogitto/releases/download/7.0.0/cocogitto-7.0.0-aarch64-unknown-linux-gnu.tar.gz"
url_api = "https://api.github.com/repos/cocogitto/cocogitto/releases/assets/366659384"

[tools."aqua:cocogitto/cocogitto"."platforms.linux-x64"]
checksum = "sha256:e03938ff2c4c86d71c00c0f3284dbbe95c5ca76fe34a51f33e945c23010d59bb"
url = "https://github.com/cocogitto/cocogitto/releases/download/7.0.0/cocogitto-7.0.0-x86_64-unknown-linux-musl.tar.gz"
url_api = "https://api.github.com/repos/cocogitto/cocogitto/releases/assets/366659350"

[tools."aqua:cocogitto/cocogitto"."platforms.linux-x64-musl"]
checksum = "sha256:e03938ff2c4c86d71c00c0f3284dbbe95c5ca76fe34a51f33e945c23010d59bb"
url = "https://github.com/cocogitto/cocogitto/releases/download/7.0.0/cocogitto-7.0.0-x86_64-unknown-linux-musl.tar.gz"
url_api = "https://api.github.com/repos/cocogitto/cocogitto/releases/assets/366659350"

[tools."aqua:cocogitto/cocogitto"."platforms.macos-arm64"]
checksum = "sha256:429303b6d68c6461aa221ab4de82b26d0bbcdee7127947ea9c7c411ab9bc574c"
url = "https://github.com/cocogitto/cocogitto/releases/download/7.0.0/cocogitto-7.0.0-aarch64-apple-darwin.tar.gz"
url_api = "https://api.github.com/repos/cocogitto/cocogitto/releases/assets/366659431"

[tools."aqua:cocogitto/cocogitto"."platforms.macos-x64"]
checksum = "sha256:591dcd462e2e35ecc21caf41a15a65d464b7ce1ce8a5c299fa0d46a7798dddb0"
url = "https://github.com/cocogitto/cocogitto/releases/download/7.0.0/cocogitto-7.0.0-x86_64-apple-darwin.tar.gz"
url_api = "https://api.github.com/repos/cocogitto/cocogitto/releases/assets/366659418"

[tools."aqua:cocogitto/cocogitto"."platforms.windows-x64"]
checksum = "sha256:074f68f05d270da5c0d69d3e234ec362bec4c6e3189c21d1c948d038603655d7"
url = "https://github.com/cocogitto/cocogitto/releases/download/7.0.0/cocogitto-7.0.0-x86_64-pc-windows-msvc.tar.gz"
url_api = "https://api.github.com/repos/cocogitto/cocogitto/releases/assets/366659399"

[[tools."aqua:crate-ci/typos"]]
version = "1.50.1"
backend = "aqua:crate-ci/typos"
specifiers = ["1.50.1"]

[tools."aqua:crate-ci/typos"."platforms.linux-arm64"]
checksum = "sha256:a48feb58c517977ca953e634507c72819d64df8717c33ced3e43868d174fd39e"
url = "https://github.com/crate-ci/typos/releases/download/v1.50.1/typos-v1.50.1-aarch64-unknown-linux-musl.tar.gz"
url_api = "https://api.github.com/repos/crate-ci/typos/releases/assets/539857357"

[tools."aqua:crate-ci/typos"."platforms.linux-arm64-musl"]
checksum = "sha256:a48feb58c517977ca953e634507c72819d64df8717c33ced3e43868d174fd39e"
url = "https://github.com/crate-ci/typos/releases/download/v1.50.1/typos-v1.50.1-aarch64-unknown-linux-musl.tar.gz"
url_api = "https://api.github.com/repos/crate-ci/typos/releases/assets/539857357"

[tools."aqua:crate-ci/typos"."platforms.linux-x64"]
checksum = "sha256:edf0545109aee6a22751d04ddecb97c45be47d3aa0409564fb895eeeace91b1e"
url = "https://github.com/crate-ci/typos/releases/download/v1.50.1/typos-v1.50.1-x86_64-unknown-linux-musl.tar.gz"
url_api = "https://api.github.com/repos/crate-ci/typos/releases/assets/539858793"

[tools."aqua:crate-ci/typos"."platforms.linux-x64-musl"]
checksum = "sha256:edf0545109aee6a22751d04ddecb97c45be47d3aa0409564fb895eeeace91b1e"
url = "https://github.com/crate-ci/typos/releases/download/v1.50.1/typos-v1.50.1-x86_64-unknown-linux-musl.tar.gz"
url_api = "https://api.github.com/repos/crate-ci/typos/releases/assets/539858793"

[tools."aqua:crate-ci/typos"."platforms.macos-arm64"]
checksum = "sha256:2c940734b44b6e199e165278b662b7e17c68f068471a2a8a5e491ce635414ae6"
url = "https://github.com/crate-ci/typos/releases/download/v1.50.1/typos-v1.50.1-aarch64-apple-darwin.tar.gz"
url_api = "https://api.github.com/repos/crate-ci/typos/releases/assets/539861019"

[tools."aqua:crate-ci/typos"."platforms.macos-x64"]
checksum = "sha256:b31ccf2f21154b2bc8d2a84f395f746106edda0feec4817fbecdb12216df53bd"
url = "https://github.com/crate-ci/typos/releases/download/v1.50.1/typos-v1.50.1-x86_64-apple-darwin.tar.gz"
url_api = "https://api.github.com/repos/crate-ci/typos/releases/assets/539861041"

[tools."aqua:crate-ci/typos"."platforms.windows-x64"]
checksum = "sha256:8740867a0d9e44a62f0803e37a669ec3c6cd17ab63cd49d00e14a96d3e03ccc3"
url = "https://github.com/crate-ci/typos/releases/download/v1.50.1/typos-v1.50.1-x86_64-pc-windows-msvc.zip"
url_api = "https://api.github.com/repos/crate-ci/typos/releases/assets/539862554"

[[tools."aqua:moonrepo/moon"]]
version = "2.5.4"
backend = "aqua:moonrepo/moon"
specifiers = ["2.5.4"]

[tools."aqua:moonrepo/moon"."platforms.linux-arm64"]
checksum = "sha256:529e33e6dc812b0de8240fa636983a676505cc266d3463371fffad93a11f54c6"
url = "https://github.com/moonrepo/moon/releases/download/v2.5.4/moon_cli-aarch64-unknown-linux-gnu.tar.xz"
url_api = "https://api.github.com/repos/moonrepo/moon/releases/assets/543232689"

[tools."aqua:moonrepo/moon"."platforms.linux-arm64-musl"]
checksum = "sha256:644c4c08975f35943bf4fbdfede7ee9c7cc98bc76ba7e8f0e8443c3029a1e525"
url = "https://github.com/moonrepo/moon/releases/download/v2.5.4/moon_cli-aarch64-unknown-linux-musl.tar.xz"
url_api = "https://api.github.com/repos/moonrepo/moon/releases/assets/543232697"

[tools."aqua:moonrepo/moon"."platforms.linux-x64"]
checksum = "sha256:baa6f0cda8fe9d7513ffebb2908cfd952888c66659b795da02a14ef2156eb5c7"
url = "https://github.com/moonrepo/moon/releases/download/v2.5.4/moon_cli-x86_64-unknown-linux-gnu.tar.xz"
url_api = "https://api.github.com/repos/moonrepo/moon/releases/assets/543232734"

[tools."aqua:moonrepo/moon"."platforms.linux-x64-musl"]
checksum = "sha256:d289e8c0cdb30d080445a38c7f2635b7c2f2c29618abe7c2ef48ca29525ba926"
url = "https://github.com/moonrepo/moon/releases/download/v2.5.4/moon_cli-x86_64-unknown-linux-musl.tar.xz"
url_api = "https://api.github.com/repos/moonrepo/moon/releases/assets/543232741"

[tools."aqua:moonrepo/moon"."platforms.macos-arm64"]
checksum = "sha256:c4e0f41f43f80533be4120917858ca68e1d65063375de0088882342e45366867"
url = "https://github.com/moonrepo/moon/releases/download/v2.5.4/moon_cli-aarch64-apple-darwin.tar.xz"
url_api = "https://api.github.com/repos/moonrepo/moon/releases/assets/543232694"

[tools."aqua:moonrepo/moon"."platforms.windows-x64"]
checksum = "sha256:14d3515cb9f96e75c76f84da62492774edfc6a76d71cee057d5297f129088f63"
url = "https://github.com/moonrepo/moon/releases/download/v2.5.4/moon_cli-x86_64-pc-windows-msvc.zip"
url_api = "https://api.github.com/repos/moonrepo/moon/releases/assets/543232719"

[[tools."aqua:oxc-project/oxc/oxfmt"]]
version = "1.82.0"
backend = "aqua:oxc-project/oxc/oxfmt"
specifiers = ["1.82.0"]

[tools."aqua:oxc-project/oxc/oxfmt"."platforms.linux-arm64"]
checksum = "sha256:b738733446781432fc6874b9e9328def0c5cd1c69335bcf258078e429e4887e1"
url = "https://github.com/oxc-project/oxc/releases/download/apps_v1.82.0/oxfmt-aarch64-unknown-linux-gnu.tar.gz"
url_api = "https://api.github.com/repos/oxc-project/oxc/releases/assets/548949472"

[tools."aqua:oxc-project/oxc/oxfmt"."platforms.linux-arm64-musl"]
checksum = "sha256:e556b6f20a62178e22072951562b372e38bf7fdd6ec29af7b62e49b45b0f4e82"
url = "https://github.com/oxc-project/oxc/releases/download/apps_v1.82.0/oxfmt-aarch64-unknown-linux-musl.tar.gz"
url_api = "https://api.github.com/repos/oxc-project/oxc/releases/assets/548949479"

[tools."aqua:oxc-project/oxc/oxfmt"."platforms.linux-x64"]
checksum = "sha256:7fcda58499e25a261069022f3c6b9827da4bcc729a6181214c0645b3e30d1603"
url = "https://github.com/oxc-project/oxc/releases/download/apps_v1.82.0/oxfmt-x86_64-unknown-linux-gnu.tar.gz"
url_api = "https://api.github.com/repos/oxc-project/oxc/releases/assets/548949513"

[tools."aqua:oxc-project/oxc/oxfmt"."platforms.linux-x64-musl"]
checksum = "sha256:34a93eb12f3645a61d758955d0985a897d76f4e31986deb076efbe16505a55e2"
url = "https://github.com/oxc-project/oxc/releases/download/apps_v1.82.0/oxfmt-x86_64-unknown-linux-musl.tar.gz"
url_api = "https://api.github.com/repos/oxc-project/oxc/releases/assets/548949515"

[tools."aqua:oxc-project/oxc/oxfmt"."platforms.macos-arm64"]
checksum = "sha256:2c0a483844922828a8b9b78684cb01e9283242250cad5d7303eb2cce0e027175"
url = "https://github.com/oxc-project/oxc/releases/download/apps_v1.82.0/oxfmt-aarch64-apple-darwin.tar.gz"
url_api = "https://api.github.com/repos/oxc-project/oxc/releases/assets/548949469"

[tools."aqua:oxc-project/oxc/oxfmt"."platforms.macos-x64"]
checksum = "sha256:20e82289d7f41399a4d9670a0d78135e14dbe04f421163be2cc0c120d3ad4fa1"
url = "https://github.com/oxc-project/oxc/releases/download/apps_v1.82.0/oxfmt-x86_64-apple-darwin.tar.gz"
url_api = "https://api.github.com/repos/oxc-project/oxc/releases/assets/548949507"

[tools."aqua:oxc-project/oxc/oxfmt"."platforms.windows-x64"]
checksum = "sha256:33f689a983f3332296b71071409468936db49da03364f081a6359a49aa9daa2e"
url = "https://github.com/oxc-project/oxc/releases/download/apps_v1.82.0/oxfmt-x86_64-pc-windows-msvc.zip"
url_api = "https://api.github.com/repos/oxc-project/oxc/releases/assets/548949508"

