# @generated - this file is auto-generated by `mise lock` https://mise.jdx.dev/dev-tools/mise-lock.html

lockfile_version = 1

[[tools."aqua:moonrepo/moon"]]
version = "2.5.4"
backend = "aqua:moonrepo/moon"
specifiers = ["2.5.4"]

[tools."aqua:moonrepo/moon"."platforms.linux-arm64"]
checksum = "sha256:529e33e6dc812b0de8240fa636983a676505cc266d3463371fffad93a11f54c6"
url = "https://github.com/moonrepo/moon/releases/download/v2.5.4/moon_cli-aarch64-unknown-linux-gnu.tar.xz"
url_api = "https://api.github.com/repos/moonrepo/moon/releases/assets/543232689"

[tools."aqua:moonrepo/moon"."platforms.linux-arm64-musl"]
checksum = "sha256:644c4c08975f35943bf4fbdfede7ee9c7cc98bc76ba7e8f0e8443c3029a1e525"
url = "https://github.com/moonrepo/moon/releases/download/v2.5.4/moon_cli-aarch64-unknown-linux-musl.tar.xz"
url_api = "https://api.github.com/repos/moonrepo/moon/releases/assets/543232697"

[tools."aqua:moonrepo/moon"."platforms.linux-x64"]
checksum = "sha256:baa6f0cda8fe9d7513ffebb2908cfd952888c66659b795da02a14ef2156eb5c7"
url = "https://github.com/moonrepo/moon/releases/download/v2.5.4/moon_cli-x86_64-unknown-linux-gnu.tar.xz"
url_api = "https://api.github.com/repos/moonrepo/moon/releases/assets/543232734"

[tools."aqua:moonrepo/moon"."platforms.linux-x64-musl"]
checksum = "sha256:d289e8c0cdb30d080445a38c7f2635b7c2f2c29618abe7c2ef48ca29525ba926"
url = "https://github.com/moonrepo/moon/releases/download/v2.5.4/moon_cli-x86_64-unknown-linux-musl.tar.xz"
url_api = "https://api.github.com/repos/moonrepo/moon/releases/assets/543232741"

[tools."aqua:moonrepo/moon"."platforms.macos-arm64"]
checksum = "sha256:c4e0f41f43f80533be4120917858ca68e1d65063375de0088882342e45366867"
url = "https://github.com/moonrepo/moon/releases/download/v2.5.4/moon_cli-aarch64-apple-darwin.tar.xz"
url_api = "https://api.github.com/repos/moonrepo/moon/releases/assets/543232694"

[tools."aqua:moonrepo/moon"."platforms.windows-x64"]
checksum = "sha256:14d3515cb9f96e75c76f84da62492774edfc6a76d71cee057d5297f129088f63"
url = "https://github.com/moonrepo/moon/releases/download/v2.5.4/moon_cli-x86_64-pc-windows-msvc.zip"
url_api = "https://api.github.com/repos/moonrepo/moon/releases/assets/543232719"
