# @generated - this file is auto-generated by `mise lock` https://mise.jdx.dev/dev-tools/mise-lock.html

lockfile_version = 1

[[tools."aqua:Boeing/config-file-validator"]]
version = "2.3.0"
backend = "aqua:Boeing/config-file-validator"
specifiers = ["2.3.0"]

[tools."aqua:Boeing/config-file-validator"."platforms.linux-arm64"]
checksum = "sha256:38090a62ca78a920973da49425ee43131270c7b4a4c9ca6eeb2175b65d112d22"
url = "https://github.com/Boeing/config-file-validator/releases/download/v2.3.0/validator-v2.3-linux-arm64.tar.gz"
url_api = "https://api.github.com/repos/Boeing/config-file-validator/releases/assets/457015429"

[tools."aqua:Boeing/config-file-validator"."platforms.linux-arm64".provenance.slsa]
url = "https://github.com/Boeing/config-file-validator/releases/download/v2.3.0/multiple.intoto.jsonl"

[tools."aqua:Boeing/config-file-validator"."platforms.linux-arm64-musl"]
checksum = "sha256:38090a62ca78a920973da49425ee43131270c7b4a4c9ca6eeb2175b65d112d22"
url = "https://github.com/Boeing/config-file-validator/releases/download/v2.3.0/validator-v2.3-linux-arm64.tar.gz"
url_api = "https://api.github.com/repos/Boeing/config-file-validator/releases/assets/457015429"

[tools."aqua:Boeing/config-file-validator"."platforms.linux-arm64-musl".provenance.slsa]
url = "https://github.com/Boeing/config-file-validator/releases/download/v2.3.0/multiple.intoto.jsonl"

[tools."aqua:Boeing/config-file-validator"."platforms.linux-x64"]
checksum = "sha256:c5203cb863ad81f9fec4af048fa65989431e20752bdd6dabda45d57d1df8e580"
url = "https://github.com/Boeing/config-file-validator/releases/download/v2.3.0/validator-v2.3-linux-amd64.tar.gz"
url_api = "https://api.github.com/repos/Boeing/config-file-validator/releases/assets/457015424"

[tools."aqua:Boeing/config-file-validator"."platforms.linux-x64".provenance.slsa]
url = "https://github.com/Boeing/config-file-validator/releases/download/v2.3.0/multiple.intoto.jsonl"

[tools."aqua:Boeing/config-file-validator"."platforms.linux-x64-musl"]
checksum = "sha256:c5203cb863ad81f9fec4af048fa65989431e20752bdd6dabda45d57d1df8e580"
url = "https://github.com/Boeing/config-file-validator/releases/download/v2.3.0/validator-v2.3-linux-amd64.tar.gz"
url_api = "https://api.github.com/repos/Boeing/config-file-validator/releases/assets/457015424"

[tools."aqua:Boeing/config-file-validator"."platforms.linux-x64-musl".provenance.slsa]
url = "https://github.com/Boeing/config-file-validator/releases/download/v2.3.0/multiple.intoto.jsonl"

[tools."aqua:Boeing/config-file-validator"."platforms.macos-arm64"]
checksum = "sha256:0692b85fd3b986d0669b4d97f6bdd55b62307a763d17275575c977d22e5270a6"
url = "https://github.com/Boeing/config-file-validator/releases/download/v2.3.0/validator-v2.3-darwin-arm64.tar.gz"
url_api = "https://api.github.com/repos/Boeing/config-file-validator/releases/assets/457015427"

[tools."aqua:Boeing/config-file-validator"."platforms.macos-arm64".provenance.slsa]
url = "https://github.com/Boeing/config-file-validator/releases/download/v2.3.0/multiple.intoto.jsonl"

[tools."aqua:Boeing/config-file-validator"."platforms.windows-x64"]
checksum = "sha256:69e5dde23c034bdc5a938a133bcb8baae5652bbeb88f6d52c2aa7ca0738638ec"
url = "https://github.com/Boeing/config-file-validator/releases/download/v2.3.0/validator-v2.3-windows-amd64.zip"
url_api = "https://api.github.com/repos/Boeing/config-file-validator/releases/assets/457015432"

[tools."aqua:Boeing/config-file-validator"."platforms.windows-x64".provenance.slsa]
url = "https://github.com/Boeing/config-file-validator/releases/download/v2.3.0/multiple.intoto.jsonl"

[[tools."aqua:BurntSushi/ripgrep"]]
version = "15.2.0"
backend = "aqua:BurntSushi/ripgrep"
specifiers = ["15.2.0"]

[tools."aqua:BurntSushi/ripgrep"."platforms.linux-arm64"]
checksum = "sha256:a740b91c82eaf9914cfedd353572f2791cbe0162c84101ee0951058f4dcbc90d"
url = "https://github.com/BurntSushi/ripgrep/releases/download/15.2.0/ripgrep-15.2.0-aarch64-unknown-linux-gnu.tar.gz"
url_api = "https://api.github.com/repos/BurntSushi/ripgrep/releases/assets/478119579"

[tools."aqua:BurntSushi/ripgrep"."platforms.linux-arm64-musl"]
checksum = "sha256:800b1e7206afe799dfb5a6901f23147cfaabe0e52210538100f61e86e1740915"
url = "https://github.com/BurntSushi/ripgrep/releases/download/15.2.0/ripgrep-15.2.0-aarch64-unknown-linux-musl.tar.gz"
url_api = "https://api.github.com/repos/BurntSushi/ripgrep/releases/assets/478120060"

[tools."aqua:BurntSushi/ripgrep"."platforms.linux-x64"]
checksum = "sha256:33e15bcf1624b25cdd2a55813a47a2f95dbe126268203e76aa6a585d1e7b149c"
url = "https://github.com/BurntSushi/ripgrep/releases/download/15.2.0/ripgrep-15.2.0-x86_64-unknown-linux-musl.tar.gz"
url_api = "https://api.github.com/repos/BurntSushi/ripgrep/releases/assets/478120097"

[tools."aqua:BurntSushi/ripgrep"."platforms.linux-x64-musl"]
checksum = "sha256:33e15bcf1624b25cdd2a55813a47a2f95dbe126268203e76aa6a585d1e7b149c"
url = "https://github.com/BurntSushi/ripgrep/releases/download/15.2.0/ripgrep-15.2.0-x86_64-unknown-linux-musl.tar.gz"
url_api = "https://api.github.com/repos/BurntSushi/ripgrep/releases/assets/478120097"

[tools."aqua:BurntSushi/ripgrep"."platforms.macos-arm64"]
checksum = "sha256:3750b2e93f37e0c692657da574d7019a101c0084da05a790c83fd335bad973e4"
url = "https://github.com/BurntSushi/ripgrep/releases/download/15.2.0/ripgrep-15.2.0-aarch64-apple-darwin.tar.gz"
url_api = "https://api.github.com/repos/BurntSushi/ripgrep/releases/assets/478118851"

[tools."aqua:BurntSushi/ripgrep"."platforms.windows-x64"]
checksum = "sha256:71b2fef860abe467217a538ff31de02f5258807c0129f771846f87bd029aafc5"
url = "https://github.com/BurntSushi/ripgrep/releases/download/15.2.0/ripgrep-15.2.0-x86_64-pc-windows-msvc.zip"
url_api = "https://api.github.com/repos/BurntSushi/ripgrep/releases/assets/478119643"

[[tools."aqua:FiloSottile/age"]]
version = "1.3.2"
backend = "aqua:FiloSottile/age"
specifiers = ["1.3.2"]

[tools."aqua:FiloSottile/age"."platforms.linux-arm64"]
checksum = "sha256:6b8dc4333c53a5a57c9e5834e3a48f92605d7154014cd07269ff3327db5d37f4"
url = "https://github.com/FiloSottile/age/releases/download/v1.3.2/age-v1.3.2-linux-arm64.tar.gz"
url_api = "https://api.github.com/repos/FiloSottile/age/releases/assets/535541932"
provenance = "github-attestations"

[tools."aqua:FiloSottile/age"."platforms.linux-arm64-musl"]
checksum = "sha256:6b8dc4333c53a5a57c9e5834e3a48f92605d7154014cd07269ff3327db5d37f4"
url = "https://github.com/FiloSottile/age/releases/download/v1.3.2/age-v1.3.2-linux-arm64.tar.gz"
url_api = "https://api.github.com/repos/FiloSottile/age/releases/assets/535541932"
provenance = "github-attestations"

[tools."aqua:FiloSottile/age"."platforms.linux-x64"]
checksum = "sha256:cbe24006683f8eb669266162894b9a522a1af52f2665fbc63a4bb032ed26ac10"
url = "https://github.com/FiloSottile/age/releases/download/v1.3.2/age-v1.3.2-linux-amd64.tar.gz"
url_api = "https://api.github.com/repos/FiloSottile/age/releases/assets/535541903"
provenance = "github-attestations"

[tools."aqua:FiloSottile/age"."platforms.linux-x64-musl"]
checksum = "sha256:cbe24006683f8eb669266162894b9a522a1af52f2665fbc63a4bb032ed26ac10"
url = "https://github.com/FiloSottile/age/releases/download/v1.3.2/age-v1.3.2-linux-amd64.tar.gz"
url_api = "https://api.github.com/repos/FiloSottile/age/releases/assets/535541903"
provenance = "github-attestations"

[tools."aqua:FiloSottile/age"."platforms.macos-arm64"]
checksum = "sha256:e2020b073c44f692685a24d6abc378817eb81ffaaf49fd0531ef8565f767f2f5"
url = "https://github.com/FiloSottile/age/releases/download/v1.3.2/age-v1.3.2-darwin-arm64.tar.gz"
url_api = "https://api.github.com/repos/FiloSottile/age/releases/assets/535541897"
provenance = "github-attestations"

[tools."aqua:FiloSottile/age"."platforms.windows-x64"]
checksum = "sha256:f48d8f8f9ebe903ab5027ed067652f2cc1db94bc206976430133b905dcd8e8c7"
url = "https://github.com/FiloSottile/age/releases/download/v1.3.2/age-v1.3.2-windows-amd64.zip"
url_api = "https://api.github.com/repos/FiloSottile/age/releases/assets/535541937"
provenance = "github-attestations"

[[tools."aqua:aquasecurity/trivy"]]
version = "0.74.0"
backend = "aqua:aquasecurity/trivy"
specifiers = ["0.74.0"]

[tools."aqua:aquasecurity/trivy"."platforms.linux-arm64"]
checksum = "sha256:b94ce1976bbf3c15b514b605ee88be7c6d94a29be2302847ff01cb794d47aad5"
url = "https://github.com/aquasecurity/trivy/releases/download/v0.74.0/trivy_0.74.0_Linux-ARM64.tar.gz"
url_api = "https://api.github.com/repos/aquasecurity/trivy/releases/assets/514339429"
provenance = "cosign"

[tools."aqua:aquasecurity/trivy"."platforms.linux-arm64-musl"]
checksum = "sha256:b94ce1976bbf3c15b514b605ee88be7c6d94a29be2302847ff01cb794d47aad5"
url = "https://github.com/aquasecurity/trivy/releases/download/v0.74.0/trivy_0.74.0_Linux-ARM64.tar.gz"
url_api = "https://api.github.com/repos/aquasecurity/trivy/releases/assets/514339429"
provenance = "cosign"

[tools."aqua:aquasecurity/trivy"."platforms.linux-x64"]
checksum = "sha256:2ae6fe3ee734b7fdf11335663e18c75ea12dccc76062f09f164a3b0f8be4371a"
url = "https://github.com/aquasecurity/trivy/releases/download/v0.74.0/trivy_0.74.0_Linux-64bit.tar.gz"
url_api = "https://api.github.com/repos/aquasecurity/trivy/releases/assets/514339431"
provenance = "cosign"

[tools."aqua:aquasecurity/trivy"."platforms.linux-x64-musl"]
checksum = "sha256:2ae6fe3ee734b7fdf11335663e18c75ea12dccc76062f09f164a3b0f8be4371a"
url = "https://github.com/aquasecurity/trivy/releases/download/v0.74.0/trivy_0.74.0_Linux-64bit.tar.gz"
url_api = "https://api.github.com/repos/aquasecurity/trivy/releases/assets/514339431"
provenance = "cosign"

[tools."aqua:aquasecurity/trivy"."platforms.macos-arm64"]
checksum = "sha256:1caada5e0e2091909357c7525d3aa76f4b660b13821bc143b190c7483e31cc11"
url = "https://github.com/aquasecurity/trivy/releases/download/v0.74.0/trivy_0.74.0_macOS-ARM64.tar.gz"
url_api = "https://api.github.com/repos/aquasecurity/trivy/releases/assets/514339464"
provenance = "cosign"

[tools."aqua:aquasecurity/trivy"."platforms.windows-x64"]
checksum = "sha256:94c40e0696e4b907a74b7b2e1438d5d72ebaca83115817407f568a002d520842"
url = "https://github.com/aquasecurity/trivy/releases/download/v0.74.0/trivy_0.74.0_windows-64bit.zip"
url_api = "https://api.github.com/repos/aquasecurity/trivy/releases/assets/514339469"
provenance = "cosign"

[[tools."aqua:cocogitto/cocogitto"]]
version = "7.0.0"
backend = "aqua:cocogitto/cocogitto"
specifiers = ["7.0.0"]

[tools."aqua:cocogitto/cocogitto"."platforms.linux-arm64"]
checksum = "sha256:379949f50c4f8245ef9532913e83f351c048b55e40ebd52ed8a850642c07a753"
url = "https://github.com/cocogitto/cocogitto/releases/download/7.0.0/cocogitto-7.0.0-aarch64-unknown-linux-gnu.tar.gz"
url_api = "https://api.github.com/repos/cocogitto/cocogitto/releases/assets/366659384"

[tools."aqua:cocogitto/cocogitto"."platforms.linux-x64"]
checksum = "sha256:e03938ff2c4c86d71c00c0f3284dbbe95c5ca76fe34a51f33e945c23010d59bb"
url = "https://github.com/cocogitto/cocogitto/releases/download/7.0.0/cocogitto-7.0.0-x86_64-unknown-linux-musl.tar.gz"
url_api = "https://api.github.com/repos/cocogitto/cocogitto/releases/assets/366659350"

[tools."aqua:cocogitto/cocogitto"."platforms.linux-x64-musl"]
checksum = "sha256:e03938ff2c4c86d71c00c0f3284dbbe95c5ca76fe34a51f33e945c23010d59bb"
url = "https://github.com/cocogitto/cocogitto/releases/download/7.0.0/cocogitto-7.0.0-x86_64-unknown-linux-musl.tar.gz"
url_api = "https://api.github.com/repos/cocogitto/cocogitto/releases/assets/366659350"

[tools."aqua:cocogitto/cocogitto"."platforms.macos-arm64"]
checksum = "sha256:429303b6d68c6461aa221ab4de82b26d0bbcdee7127947ea9c7c411ab9bc574c"
url = "https://github.com/cocogitto/cocogitto/releases/download/7.0.0/cocogitto-7.0.0-aarch64-apple-darwin.tar.gz"
url_api = "https://api.github.com/repos/cocogitto/cocogitto/releases/assets/366659431"

[tools."aqua:cocogitto/cocogitto"."platforms.windows-x64"]
checksum = "sha256:074f68f05d270da5c0d69d3e234ec362bec4c6e3189c21d1c948d038603655d7"
url = "https://github.com/cocogitto/cocogitto/releases/download/7.0.0/cocogitto-7.0.0-x86_64-pc-windows-msvc.tar.gz"
url_api = "https://api.github.com/repos/cocogitto/cocogitto/releases/assets/366659399"

[[tools."aqua:crate-ci/typos"]]
version = "1.50.1"
backend = "aqua:crate-ci/typos"
specifiers = ["1.50.1"]

[tools."aqua:crate-ci/typos"."platforms.linux-arm64"]
checksum = "sha256:a48feb58c517977ca953e634507c72819d64df8717c33ced3e43868d174fd39e"
url = "https://github.com/crate-ci/typos/releases/download/v1.50.1/typos-v1.50.1-aarch64-unknown-linux-musl.tar.gz"
url_api = "https://api.github.com/repos/crate-ci/typos/releases/assets/539857357"

[tools."aqua:crate-ci/typos"."platforms.linux-arm64-musl"]
checksum = "sha256:a48feb58c517977ca953e634507c72819d64df8717c33ced3e43868d174fd39e"
url = "https://github.com/crate-ci/typos/releases/download/v1.50.1/typos-v1.50.1-aarch64-unknown-linux-musl.tar.gz"
url_api = "https://api.github.com/repos/crate-ci/typos/releases/assets/539857357"

[tools."aqua:crate-ci/typos"."platforms.linux-x64"]
checksum = "sha256:edf0545109aee6a22751d04ddecb97c45be47d3aa0409564fb895eeeace91b1e"
url = "https://github.com/crate-ci/typos/releases/download/v1.50.1/typos-v1.50.1-x86_64-unknown-linux-musl.tar.gz"
url_api = "https://api.github.com/repos/crate-ci/typos/releases/assets/539858793"

[tools."aqua:crate-ci/typos"."platforms.linux-x64-musl"]
checksum = "sha256:edf0545109aee6a22751d04ddecb97c45be47d3aa0409564fb895eeeace91b1e"
url = "https://github.com/crate-ci/typos/releases/download/v1.50.1/typos-v1.50.1-x86_64-unknown-linux-musl.tar.gz"
url_api = "https://api.github.com/repos/crate-ci/typos/releases/assets/539858793"

[tools."aqua:crate-ci/typos"."platforms.macos-arm64"]
checksum = "sha256:2c940734b44b6e199e165278b662b7e17c68f068471a2a8a5e491ce635414ae6"
url = "https://github.com/crate-ci/typos/releases/download/v1.50.1/typos-v1.50.1-aarch64-apple-darwin.tar.gz"
url_api = "https://api.github.com/repos/crate-ci/typos/releases/assets/539861019"

[tools."aqua:crate-ci/typos"."platforms.windows-x64"]
checksum = "sha256:8740867a0d9e44a62f0803e37a669ec3c6cd17ab63cd49d00e14a96d3e03ccc3"
url = "https://github.com/crate-ci/typos/releases/download/v1.50.1/typos-v1.50.1-x86_64-pc-windows-msvc.zip"
url_api = "https://api.github.com/repos/crate-ci/typos/releases/assets/539862554"

[[tools."aqua:daveshanley/vacuum"]]
version = "0.30.3"
backend = "aqua:daveshanley/vacuum"
specifiers = ["0.30.3"]

[tools."aqua:daveshanley/vacuum"."platforms.linux-arm64"]
checksum = "sha256:04b604df0b1b570d5abd58b577c816122da162eb8ba12a7f70c3060aec12b3a9"
url = "https://github.com/daveshanley/vacuum/releases/download/v0.30.3/vacuum_0.30.3_linux_arm64.tar.gz"
url_api = "https://api.github.com/repos/daveshanley/vacuum/releases/assets/541616417"
provenance = "cosign"

[tools."aqua:daveshanley/vacuum"."platforms.linux-arm64-musl"]
checksum = "sha256:04b604df0b1b570d5abd58b577c816122da162eb8ba12a7f70c3060aec12b3a9"
url = "https://github.com/daveshanley/vacuum/releases/download/v0.30.3/vacuum_0.30.3_linux_arm64.tar.gz"
url_api = "https://api.github.com/repos/daveshanley/vacuum/releases/assets/541616417"
provenance = "cosign"

[tools."aqua:daveshanley/vacuum"."platforms.linux-x64"]
checksum = "sha256:973b8ed30cd36533da4cdb76729e833324a3043bad48c74f61b6a1cc3df40b78"
url = "https://github.com/daveshanley/vacuum/releases/download/v0.30.3/vacuum_0.30.3_linux_x86_64.tar.gz"
url_api = "https://api.github.com/repos/daveshanley/vacuum/releases/assets/541616403"
provenance = "cosign"

[tools."aqua:daveshanley/vacuum"."platforms.linux-x64-musl"]
checksum = "sha256:973b8ed30cd36533da4cdb76729e833324a3043bad48c74f61b6a1cc3df40b78"
url = "https://github.com/daveshanley/vacuum/releases/download/v0.30.3/vacuum_0.30.3_linux_x86_64.tar.gz"
url_api = "https://api.github.com/repos/daveshanley/vacuum/releases/assets/541616403"
provenance = "cosign"

[tools."aqua:daveshanley/vacuum"."platforms.macos-arm64"]
checksum = "sha256:a77337d8fa5e8e430a0b766f410228f46e6f050899e43be0c7b228105e05e9b4"
url = "https://github.com/daveshanley/vacuum/releases/download/v0.30.3/vacuum_0.30.3_darwin_arm64.tar.gz"
url_api = "https://api.github.com/repos/daveshanley/vacuum/releases/assets/541616402"
provenance = "cosign"

[tools."aqua:daveshanley/vacuum"."platforms.windows-x64"]
checksum = "sha256:65ed783fe58a628d954b7d5f8fa3b95381268e32c0210eba26acebafc7d014f1"
url = "https://github.com/daveshanley/vacuum/releases/download/v0.30.3/vacuum_0.30.3_windows_x86_64.tar.gz"
url_api = "https://api.github.com/repos/daveshanley/vacuum/releases/assets/541616414"
provenance = "cosign"

[[tools."aqua:getsops/sops"]]
version = "3.13.3"
backend = "aqua:getsops/sops"
specifiers = ["3.13.3"]

[tools."aqua:getsops/sops"."platforms.linux-arm64"]
checksum = "sha256:53b0abacd38ef1b12a66d6c100956691b9cefce018d91f81e73ddf7438b94d77"
url = "https://github.com/getsops/sops/releases/download/v3.13.3/sops-v3.13.3.linux.arm64"
url_api = "https://api.github.com/repos/getsops/sops/releases/assets/486808229"

[tools."aqua:getsops/sops"."platforms.linux-arm64".provenance.slsa]
url = "https://github.com/getsops/sops/releases/download/v3.13.3/sops-v3.13.3.intoto.jsonl"

[tools."aqua:getsops/sops"."platforms.linux-arm64-musl"]
checksum = "sha256:53b0abacd38ef1b12a66d6c100956691b9cefce018d91f81e73ddf7438b94d77"
url = "https://github.com/getsops/sops/releases/download/v3.13.3/sops-v3.13.3.linux.arm64"
url_api = "https://api.github.com/repos/getsops/sops/releases/assets/486808229"

[tools."aqua:getsops/sops"."platforms.linux-arm64-musl".provenance.slsa]
url = "https://github.com/getsops/sops/releases/download/v3.13.3/sops-v3.13.3.intoto.jsonl"

[tools."aqua:getsops/sops"."platforms.linux-x64"]
checksum = "sha256:e5bec3346a873ae91d871550f3e698c1aad962aff462a080e40f25fde17fef6b"
url = "https://github.com/getsops/sops/releases/download/v3.13.3/sops-v3.13.3.linux.amd64"
url_api = "https://api.github.com/repos/getsops/sops/releases/assets/486808201"

[tools."aqua:getsops/sops"."platforms.linux-x64".provenance.slsa]
url = "https://github.com/getsops/sops/releases/download/v3.13.3/sops-v3.13.3.intoto.jsonl"

[tools."aqua:getsops/sops"."platforms.linux-x64-musl"]
checksum = "sha256:e5bec3346a873ae91d871550f3e698c1aad962aff462a080e40f25fde17fef6b"
url = "https://github.com/getsops/sops/releases/download/v3.13.3/sops-v3.13.3.linux.amd64"
url_api = "https://api.github.com/repos/getsops/sops/releases/assets/486808201"

[tools."aqua:getsops/sops"."platforms.linux-x64-musl".provenance.slsa]
url = "https://github.com/getsops/sops/releases/download/v3.13.3/sops-v3.13.3.intoto.jsonl"

[tools."aqua:getsops/sops"."platforms.macos-arm64"]
checksum = "sha256:b97c0d434aab577dc40310e8d22ff9e45eef4c80638ab978daae9b4681c59286"
url = "https://github.com/getsops/sops/releases/download/v3.13.3/sops-v3.13.3.darwin.arm64"
url_api = "https://api.github.com/repos/getsops/sops/releases/assets/486808198"

[tools."aqua:getsops/sops"."platforms.macos-arm64".provenance.slsa]
url = "https://github.com/getsops/sops/releases/download/v3.13.3/sops-v3.13.3.intoto.jsonl"

[tools."aqua:getsops/sops"."platforms.windows-x64"]
checksum = "sha256:a4a9a398858fe8b2ef72d9686d930bf7c5cece9be74ad83ac3b53cfdd70e6b1c"
url = "https://github.com/getsops/sops/releases/download/v3.13.3/sops-v3.13.3.amd64.exe"
url_api = "https://api.github.com/repos/getsops/sops/releases/assets/486808200"

[tools."aqua:getsops/sops"."platforms.windows-x64".provenance.slsa]
url = "https://github.com/getsops/sops/releases/download/v3.13.3/sops-v3.13.3.intoto.jsonl"

[[tools."aqua:gitleaks/gitleaks"]]
version = "8.30.1"
backend = "aqua:gitleaks/gitleaks"
specifiers = ["8.30.1"]

[tools."aqua:gitleaks/gitleaks"."platforms.linux-arm64"]
checksum = "sha256:e4a487ee7ccd7d3a7f7ec08657610aa3606637dab924210b3aee62570fb4b080"
url = "https://github.com/gitleaks/gitleaks/releases/download/v8.30.1/gitleaks_8.30.1_linux_arm64.tar.gz"
url_api = "https://api.github.com/repos/gitleaks/gitleaks/releases/assets/378332057"

[tools."aqua:gitleaks/gitleaks"."platforms.linux-arm64-musl"]
checksum = "sha256:e4a487ee7ccd7d3a7f7ec08657610aa3606637dab924210b3aee62570fb4b080"
url = "https://github.com/gitleaks/gitleaks/releases/download/v8.30.1/gitleaks_8.30.1_linux_arm64.tar.gz"
url_api = "https://api.github.com/repos/gitleaks/gitleaks/releases/assets/378332057"

[tools."aqua:gitleaks/gitleaks"."platforms.linux-x64"]
checksum = "sha256:551f6fc83ea457d62a0d98237cbad105af8d557003051f41f3e7ca7b3f2470eb"
url = "https://github.com/gitleaks/gitleaks/releases/download/v8.30.1/gitleaks_8.30.1_linux_x64.tar.gz"
url_api = "https://api.github.com/repos/gitleaks/gitleaks/releases/assets/378332058"

[tools."aqua:gitleaks/gitleaks"."platforms.linux-x64-musl"]
checksum = "sha256:551f6fc83ea457d62a0d98237cbad105af8d557003051f41f3e7ca7b3f2470eb"
url = "https://github.com/gitleaks/gitleaks/releases/download/v8.30.1/gitleaks_8.30.1_linux_x64.tar.gz"
url_api = "https://api.github.com/repos/gitleaks/gitleaks/releases/assets/378332058"

[tools."aqua:gitleaks/gitleaks"."platforms.macos-arm64"]
checksum = "sha256:b40ab0ae55c505963e365f271a8d3846efbc170aa17f2607f13df610a9aeb6a5"
url = "https://github.com/gitleaks/gitleaks/releases/download/v8.30.1/gitleaks_8.30.1_darwin_arm64.tar.gz"
url_api = "https://api.github.com/repos/gitleaks/gitleaks/releases/assets/378332059"

[tools."aqua:gitleaks/gitleaks"."platforms.windows-x64"]
checksum = "sha256:d29144deff3a68aa93ced33dddf84b7fdc26070add4aa0f4513094c8332afc4e"
url = "https://github.com/gitleaks/gitleaks/releases/download/v8.30.1/gitleaks_8.30.1_windows_x64.zip"
url_api = "https://api.github.com/repos/gitleaks/gitleaks/releases/assets/378333178"

[[tools."aqua:lycheeverse/lychee"]]
version = "0.24.2"
backend = "aqua:lycheeverse/lychee"
specifiers = ["0.24.2"]

[tools."aqua:lycheeverse/lychee"."platforms.linux-arm64"]
checksum = "sha256:91a7bd65685da41b90ccb9bc867a3d649a7818042dae04ff405e55a25bddee4c"
url = "https://github.com/lycheeverse/lychee/releases/download/lychee-v0.24.2/lychee-aarch64-unknown-linux-gnu.tar.gz"
url_api = "https://api.github.com/repos/lycheeverse/lychee/releases/assets/409959442"

[tools."aqua:lycheeverse/lychee"."platforms.linux-arm64-musl"]
checksum = "sha256:5d0b0e3aeab240f41920c633a6eaf97599be6eedda034b36e858ede7dba5e535"
url = "https://github.com/lycheeverse/lychee/releases/download/lychee-v0.24.2/lychee-aarch64-unknown-linux-musl.tar.gz"
url_api = "https://api.github.com/repos/lycheeverse/lychee/releases/assets/409958602"

[tools."aqua:lycheeverse/lychee"."platforms.linux-x64"]
checksum = "sha256:1f4e0ef7f6554a6ed33dd7ac144fb2e1bbed98598e7af973042fc5cd43951c9a"
url = "https://github.com/lycheeverse/lychee/releases/download/lychee-v0.24.2/lychee-x86_64-unknown-linux-gnu.tar.gz"
url_api = "https://api.github.com/repos/lycheeverse/lychee/releases/assets/409959156"

[tools."aqua:lycheeverse/lychee"."platforms.linux-x64-musl"]
checksum = "sha256:73657a111819a30c47c08352896796f23d64e4eb2b3ed39b6d32149241566fc5"
url = "https://github.com/lycheeverse/lychee/releases/download/lychee-v0.24.2/lychee-x86_64-unknown-linux-musl.tar.gz"
url_api = "https://api.github.com/repos/lycheeverse/lychee/releases/assets/409959271"

[tools."aqua:lycheeverse/lychee"."platforms.macos-arm64"]
checksum = "sha256:c9d3740ea2d891854d37116c9fba840f37b6e7c89d330e7db84ac333631c4977"
url = "https://github.com/lycheeverse/lychee/releases/download/lychee-v0.24.2/lychee-aarch64-apple-darwin.tar.gz"
url_api = "https://api.github.com/repos/lycheeverse/lychee/releases/assets/409957951"

[tools."aqua:lycheeverse/lychee"."platforms.windows-x64"]
checksum = "sha256:32975d1493ee1a975d6bb41e4fb56fe419cb442ded628bb772ba2e614acfacad"
url = "https://github.com/lycheeverse/lychee/releases/download/lychee-v0.24.2/lychee-x86_64-pc-windows-msvc.zip"
url_api = "https://api.github.com/repos/lycheeverse/lychee/releases/assets/409959491"

[[tools."aqua:moonrepo/moon"]]
version = "2.5.4"
backend = "aqua:moonrepo/moon"
specifiers = ["2.5.4"]

[tools."aqua:moonrepo/moon"."platforms.linux-arm64"]
checksum = "sha256:529e33e6dc812b0de8240fa636983a676505cc266d3463371fffad93a11f54c6"
url = "https://github.com/moonrepo/moon/releases/download/v2.5.4/moon_cli-aarch64-unknown-linux-gnu.tar.xz"
url_api = "https://api.github.com/repos/moonrepo/moon/releases/assets/543232689"

[tools."aqua:moonrepo/moon"."platforms.linux-arm64-musl"]
checksum = "sha256:644c4c08975f35943bf4fbdfede7ee9c7cc98bc76ba7e8f0e8443c3029a1e525"
url = "https://github.com/moonrepo/moon/releases/download/v2.5.4/moon_cli-aarch64-unknown-linux-musl.tar.xz"
url_api = "https://api.github.com/repos/moonrepo/moon/releases/assets/543232697"

[tools."aqua:moonrepo/moon"."platforms.linux-x64"]
checksum = "sha256:baa6f0cda8fe9d7513ffebb2908cfd952888c66659b795da02a14ef2156eb5c7"
url = "https://github.com/moonrepo/moon/releases/download/v2.5.4/moon_cli-x86_64-unknown-linux-gnu.tar.xz"
url_api = "https://api.github.com/repos/moonrepo/moon/releases/assets/543232734"

[tools."aqua:moonrepo/moon"."platforms.linux-x64-musl"]
checksum = "sha256:d289e8c0cdb30d080445a38c7f2635b7c2f2c29618abe7c2ef48ca29525ba926"
url = "https://github.com/moonrepo/moon/releases/download/v2.5.4/moon_cli-x86_64-unknown-linux-musl.tar.xz"
url_api = "https://api.github.com/repos/moonrepo/moon/releases/assets/543232741"

[tools."aqua:moonrepo/moon"."platforms.macos-arm64"]
checksum = "sha256:c4e0f41f43f80533be4120917858ca68e1d65063375de0088882342e45366867"
url = "https://github.com/moonrepo/moon/releases/download/v2.5.4/moon_cli-aarch64-apple-darwin.tar.xz"
url_api = "https://api.github.com/repos/moonrepo/moon/releases/assets/543232694"

[tools."aqua:moonrepo/moon"."platforms.windows-x64"]
checksum = "sha256:14d3515cb9f96e75c76f84da62492774edfc6a76d71cee057d5297f129088f63"
url = "https://github.com/moonrepo/moon/releases/download/v2.5.4/moon_cli-x86_64-pc-windows-msvc.zip"
url_api = "https://api.github.com/repos/moonrepo/moon/releases/assets/543232719"

[[tools."aqua:rhysd/actionlint"]]
version = "1.7.12"
backend = "aqua:rhysd/actionlint"
specifiers = ["1.7.12"]

[tools."aqua:rhysd/actionlint"."platforms.linux-arm64"]
checksum = "sha256:325e971b6ba9bfa504672e29be93c24981eeb1c07576d730e9f7c8805afff0c6"
url = "https://github.com/rhysd/actionlint/releases/download/v1.7.12/actionlint_1.7.12_linux_arm64.tar.gz"
url_api = "https://api.github.com/repos/rhysd/actionlint/releases/assets/384924897"
provenance = "github-attestations"

[tools."aqua:rhysd/actionlint"."platforms.linux-arm64-musl"]
checksum = "sha256:325e971b6ba9bfa504672e29be93c24981eeb1c07576d730e9f7c8805afff0c6"
url = "https://github.com/rhysd/actionlint/releases/download/v1.7.12/actionlint_1.7.12_linux_arm64.tar.gz"
url_api = "https://api.github.com/repos/rhysd/actionlint/releases/assets/384924897"
provenance = "github-attestations"

[tools."aqua:rhysd/actionlint"."platforms.linux-x64"]
checksum = "sha256:8aca8db96f1b94770f1b0d72b6dddcb1ebb8123cb3712530b08cc387b349a3d8"
url = "https://github.com/rhysd/actionlint/releases/download/v1.7.12/actionlint_1.7.12_linux_amd64.tar.gz"
url_api = "https://api.github.com/repos/rhysd/actionlint/releases/assets/384924896"
provenance = "github-attestations"

[tools."aqua:rhysd/actionlint"."platforms.linux-x64-musl"]
checksum = "sha256:8aca8db96f1b94770f1b0d72b6dddcb1ebb8123cb3712530b08cc387b349a3d8"
url = "https://github.com/rhysd/actionlint/releases/download/v1.7.12/actionlint_1.7.12_linux_amd64.tar.gz"
url_api = "https://api.github.com/repos/rhysd/actionlint/releases/assets/384924896"
provenance = "github-attestations"

[tools."aqua:rhysd/actionlint"."platforms.macos-arm64"]
checksum = "sha256:aba9ced2dee8d27fecca3dc7feb1a7f9a52caefa1eb46f3271ea66b6e0e6953f"
url = "https://github.com/rhysd/actionlint/releases/download/v1.7.12/actionlint_1.7.12_darwin_arm64.tar.gz"
url_api = "https://api.github.com/repos/rhysd/actionlint/releases/assets/384924893"
provenance = "github-attestations"

[tools."aqua:rhysd/actionlint"."platforms.windows-x64"]
checksum = "sha256:6e7241b51e6817ea6a047693d8e6fed13b31819c9a0dd6c5a726e1592d22f6e9"
url = "https://github.com/rhysd/actionlint/releases/download/v1.7.12/actionlint_1.7.12_windows_amd64.zip"
url_api = "https://api.github.com/repos/rhysd/actionlint/releases/assets/384924919"
provenance = "github-attestations"

[[tools."aqua:zizmorcore/zizmor"]]
version = "1.30.0"
backend = "aqua:zizmorcore/zizmor"
specifiers = ["1.30.0"]

[tools."aqua:zizmorcore/zizmor"."platforms.linux-arm64"]
checksum = "sha256:018a024d6b6d09733b07f6ef42838d984c23ec04bc9b2acd55f7d67826aeafe5"
url = "https://github.com/zizmorcore/zizmor/releases/download/v1.30.0/zizmor-aarch64-unknown-linux-gnu.tar.gz"
url_api = "https://api.github.com/repos/zizmorcore/zizmor/releases/assets/537081734"
provenance = "github-attestations"

[tools."aqua:zizmorcore/zizmor"."platforms.linux-arm64-musl"]
provenance = "github-attestations"

[tools."aqua:zizmorcore/zizmor"."platforms.linux-x64"]
checksum = "sha256:ec8c95cd800845abb9bbc5f377ec7c57d2eb8e2386a00a201d3a74ee4092e5ed"
url = "https://github.com/zizmorcore/zizmor/releases/download/v1.30.0/zizmor-x86_64-unknown-linux-gnu.tar.gz"
url_api = "https://api.github.com/repos/zizmorcore/zizmor/releases/assets/537081732"
provenance = "github-attestations"

[tools."aqua:zizmorcore/zizmor"."platforms.linux-x64-musl"]
provenance = "github-attestations"

[tools."aqua:zizmorcore/zizmor"."platforms.macos-arm64"]
checksum = "sha256:c9c5d83730efb86f2cd71b487605c00a4d63903e4f9458485ed5eac3b1924ab1"
url = "https://github.com/zizmorcore/zizmor/releases/download/v1.30.0/zizmor-aarch64-apple-darwin.tar.gz"
url_api = "https://api.github.com/repos/zizmorcore/zizmor/releases/assets/537081737"
provenance = "github-attestations"

[tools."aqua:zizmorcore/zizmor"."platforms.windows-x64"]
checksum = "sha256:a2fcf298b84d3d8498a3d718bb63f0abe26823bf68a11f0f439620f8f2f878f0"
url = "https://github.com/zizmorcore/zizmor/releases/download/v1.30.0/zizmor-x86_64-pc-windows-msvc.zip"
url_api = "https://api.github.com/repos/zizmorcore/zizmor/releases/assets/537081735"
provenance = "github-attestations"

[[tools."github:tufin/oasdiff"]]
version = "1.31.0"
backend = "github:tufin/oasdiff"
specifiers = ["v1.31.0"]

[tools."github:tufin/oasdiff"."platforms.linux-arm64"]
checksum = "sha256:5df49123030eb0816ccd440ed8f1caa8bab8dcb50aa725485d02226a0c82f49f"
url = "https://github.com/oasdiff/oasdiff/releases/download/v1.31.0/oasdiff_1.31.0_linux_arm64.tar.gz"
url_api = "https://api.github.com/repos/oasdiff/oasdiff/releases/assets/545507277"

[tools."github:tufin/oasdiff"."platforms.linux-arm64-musl"]
checksum = "sha256:5df49123030eb0816ccd440ed8f1caa8bab8dcb50aa725485d02226a0c82f49f"
url = "https://github.com/oasdiff/oasdiff/releases/download/v1.31.0/oasdiff_1.31.0_linux_arm64.tar.gz"
url_api = "https://api.github.com/repos/oasdiff/oasdiff/releases/assets/545507277"

[tools."github:tufin/oasdiff"."platforms.linux-x64"]
checksum = "sha256:0177d4bc0bf04f4061e9277795b77335ee100a43b508e94fce5c46de083bbede"
url = "https://github.com/oasdiff/oasdiff/releases/download/v1.31.0/oasdiff_1.31.0_linux_amd64.tar.gz"
url_api = "https://api.github.com/repos/oasdiff/oasdiff/releases/assets/545507276"

[tools."github:tufin/oasdiff"."platforms.linux-x64-musl"]
checksum = "sha256:0177d4bc0bf04f4061e9277795b77335ee100a43b508e94fce5c46de083bbede"
url = "https://github.com/oasdiff/oasdiff/releases/download/v1.31.0/oasdiff_1.31.0_linux_amd64.tar.gz"
url_api = "https://api.github.com/repos/oasdiff/oasdiff/releases/assets/545507276"

[tools."github:tufin/oasdiff"."platforms.macos-arm64"]
checksum = "sha256:920639cc49da700e37ec070b6981686d6fa2f02d036aa18aeb62e1445ffd9286"
url = "https://github.com/oasdiff/oasdiff/releases/download/v1.31.0/oasdiff_1.31.0_darwin_all.tar.gz"
url_api = "https://api.github.com/repos/oasdiff/oasdiff/releases/assets/545507282"

[tools."github:tufin/oasdiff"."platforms.windows-x64"]
checksum = "sha256:1993d24b7eeac68f21ab906818a87376180662a60bb7bce809b880df95e24395"
url = "https://github.com/oasdiff/oasdiff/releases/download/v1.31.0/oasdiff_1.31.0_windows_amd64.tar.gz"
url_api = "https://api.github.com/repos/oasdiff/oasdiff/releases/assets/545507273"
